
Microsoft Visual Studio Solution File, Format Version 12.00
# Visual Studio Version 17
VisualStudioVersion = 17.10.34928.147
MinimumVisualStudioVersion = 10.0.40219.1
Project("{FAE04EC0-301F-11D3-BF4B-00C04F79EFBC}") = "CanteenAIS", "CanteenAIS.csproj", "{7FE180FD-A000-475F-92AD-08AEC6ADC13B}"
	ProjectSection(ProjectDependencies) = postProject
		{6E7DA54B-A376-4089-BDD4-F455623180E8} = {6E7DA54B-A376-4089-BDD4-F455623180E8}
		{CD9E6059-8F56-4AEA-AC77-7A7C2ED055B0} = {CD9E6059-8F56-4AEA-AC77-7A7C2ED055B0}
	EndProjectSection
EndProject
Project("{FAE04EC0-301F-11D3-BF4B-00C04F79EFBC}") = "CanteenAIS_DB", "..\CanteenAIS_DB\CanteenAIS_DB.csproj", "{CD9E6059-8F56-4AEA-AC77-7A7C2ED055B0}"
EndProject
Project("{FAE04EC0-301F-11D3-BF4B-00C04F79EFBC}") = "CanteenAIS_Models", "..\CanteenAIS_Models\CanteenAIS_Models.csproj", "{6E7DA54B-A376-4089-BDD4-F455623180E8}"
	ProjectSection(ProjectDependencies) = postProject
		{CD9E6059-8F56-4AEA-AC77-7A7C2ED055B0} = {CD9E6059-8F56-4AEA-AC77-7A7C2ED055B0}
	EndProjectSection
EndProject
Global
	GlobalSection(SolutionConfigurationPlatforms) = preSolution
		Debug|Any CPU = Debug|Any CPU
		Release|Any CPU = Release|Any CPU
	EndGlobalSection
	GlobalSection(ProjectConfigurationPlatforms) = postSolution
		{7FE180FD-A000-475F-92AD-08AEC6ADC13B}.Debug|Any CPU.ActiveCfg = Debug|Any CPU
		{7FE180FD-A000-475F-92AD-08AEC6ADC13B}.Debug|Any CPU.Build.0 = Debug|Any CPU
		{7FE180FD-A000-475F-92AD-08AEC6ADC13B}.Release|Any CPU.ActiveCfg = Release|Any CPU
		{7FE180FD-A000-475F-92AD-08AEC6ADC13B}.Release|Any CPU.Build.0 = Release|Any CPU
		{CD9E6059-8F56-4AEA-AC77-7A7C2ED055B0}.Debug|Any CPU.ActiveCfg = Debug|Any CPU
		{CD9E6059-8F56-4AEA-AC77-7A7C2ED055B0}.Debug|Any CPU.Build.0 = Debug|Any CPU
		{CD9E6059-8F56-4AEA-AC77-7A7C2ED055B0}.Release|Any CPU.ActiveCfg = Release|Any CPU
		{CD9E6059-8F56-4AEA-AC77-7A7C2ED055B0}.Release|Any CPU.Build.0 = Release|Any CPU
		{6E7DA54B-A376-4089-BDD4-F455623180E8}.Debug|Any CPU.ActiveCfg = Debug|Any CPU
		{6E7DA54B-A376-4089-BDD4-F455623180E8}.Debug|Any CPU.Build.0 = Debug|Any CPU
		{6E7DA54B-A376-4089-BDD4-F455623180E8}.Release|Any CPU.ActiveCfg = Release|Any CPU
		{6E7DA54B-A376-4089-BDD4-F455623180E8}.Release|Any CPU.Build.0 = Release|Any CPU
	EndGlobalSection
	GlobalSection(SolutionProperties) = preSolution
		HideSolutionNode = FALSE
	EndGlobalSection
	GlobalSection(ExtensibilityGlobals) = postSolution
		SolutionGuid = {CEC43E49-1D88-488E-B2E7-DE317E2FF1A5}
	EndGlobalSection
EndGlobal
